// !$*UTF8*$!
{
	archiveVersion = 1;
	classes = {
	};
	objectVersion = 55;
	objects = {

/* Begin PBXBuildFile section */
		E6972CBA28B4621F00348216 /* AppDelegate.swift in Sources */ = {isa = PBXBuildFile; fileRef = E6972CB928B4621F00348216 /* AppDelegate.swift */; };
		E6972CBC28B4621F00348216 /* SceneDelegate.swift in Sources */ = {isa = PBXBuildFile; fileRef = E6972CBB28B4621F00348216 /* SceneDelegate.swift */; };
		E6972CBE28B4621F00348216 /* ViewController.swift in Sources */ = {isa = PBXBuildFile; fileRef = E6972CBD28B4621F00348216 /* ViewController.swift */; };
		E6972CC128B4621F00348216 /* Main.storyboard in Resources */ = {isa = PBXBuildFile; fileRef = E6972CBF28B4621F00348216 /* Main.storyboard */; };
		E6972CC328B4622200348216 /* Assets.xcassets in Resources */ = {isa = PBXBuildFile; fileRef = E6972CC228B4622200348216 /* Assets.xcassets */; };
		E6972CC628B4622200348216 /* LaunchScreen.storyboard in Resources */ = {isa = PBXBuildFile; fileRef = E6972CC428B4622200348216 /* LaunchScreen.storyboard */; };
		E6972CD128B4622200348216 /* Beginner_PreworkTests.swift in Sources */ = {isa = PBXBuildFile; fileRef = E6972CD028B4622200348216 /* Beginner_PreworkTests.swift */; };
		E6972CDB28B4622200348216 /* Beginner_PreworkUITests.swift in Sources */ = {isa = PBXBuildFile; fileRef = E6972CDA28B4622200348216 /* Beginner_PreworkUITests.swift */; };
		E6972CDD28B4622200348216 /* Beginner_PreworkUITestsLaunchTests.swift in Sources */ = {isa = PBXBuildFile; fileRef = E6972CDC28B4622200348216 /* Beginner_PreworkUITestsLaunchTests.swift */; };
/* End PBXBuildFile section */

/* Begin PBXContainerItemProxy section */
		E6972CCD28B4622200348216 /* PBXContainerItemProxy */ = {
			isa = PBXContainerItemProxy;
			containerPortal = E6972CAE28B4621F00348216 /* Project object */;
			proxyType = 1;
			remoteGlobalIDString = E6972CB528B4621F00348216;
			remoteInfo = Beginner_Prework;
		};
		E6972CD728B4622200348216 /* PBXContainerItemProxy */ = {
			isa = PBXContainerItemProxy;
			containerPortal = E6972CAE28B4621F00348216 /* Project object */;
			proxyType = 1;
			remoteGlobalIDString = E6972CB528B4621F00348216;
			remoteInfo = Beginner_Prework;
		};
/* End PBXContainerItemProxy section */

/* Begin PBXFileReference section */
		E6972CB628B4621F00348216 /* Beginner_Prework.app */ = {isa = PBXFileReference; explicitFileType = wrapper.application; includeInIndex = 0; path = Beginner_Prework.app; sourceTree = BUILT_PRODUCTS_DIR; };
		E6972CB928B4621F00348216 /* AppDelegate.swift */ = {isa = PBXFileReference; lastKnownFileType = sourcecode.swift; path = AppDelegate.swift; sourceTree = "<group>"; };
		E6972CBB28B4621F00348216 /* SceneDelegate.swift */ = {isa = PBXFileReference; lastKnownFileType = sourcecode.swift; path = SceneDelegate.swift; sourceTree = "<group>"; };
		E6972CBD28B4621F00348216 /* ViewController.swift */ = {isa = PBXFileReference; lastKnownFileType = sourcecode.swift; path = ViewController.swift; sourceTree = "<group>"; };
		E6972CC028B4621F00348216 /* Base */ = {isa = PBXFileReference; lastKnownFileType = file.storyboard; name = Base; path = Base.lproj/Main.storyboard; sourceTree = "<group>"; };
		E6972CC228B4622200348216 /* Assets.xcassets */ = {isa = PBXFileReference; lastKnownFileType = folder.assetcatalog; path = Assets.xcassets; sourceTree = "<group>"; };
		E6972CC528B4622200348216 /* Base */ = {isa = PBXFileReference; lastKnownFileType = file.storyboard; name = Base; path = Base.lproj/LaunchScreen.storyboard; sourceTree = "<group>"; };
		E6972CC728B4622200348216 /* Info.plist */ = {isa = PBXFileReference; lastKnownFileType = text.plist.xml; path = Info.plist; sourceTree = "<group>"; };
		E6972CCC28B4622200348216 /* Beginner_PreworkTests.xctest */ = {isa = PBXFileReference; explicitFileType = wrapper.cfbundle; includeInIndex = 0; path = Beginner_PreworkTests.xctest; sourceTree = BUILT_PRODUCTS_DIR; };
		E6972CD028B4622200348216 /* Beginner_PreworkTests.swift */ = {isa = PBXFileReference; lastKnownFileType = sourcecode.swift; path = Beginner_PreworkTests.swift; sourceTree = "<group>"; };
		E6972CD628B4622200348216 /* Beginner_PreworkUITests.xctest */ = {isa = PBXFileReference; explicitFileType = wrapper.cfbundle; includeInIndex = 0; path = Beginner_PreworkUITests.xctest; sourceTree = BUILT_PRODUCTS_DIR; };
		E6972CDA28B4622200348216 /* Beginner_PreworkUITests.swift */ = {isa = PBXFileReference; lastKnownFileType = sourcecode.swift; path = Beginner_PreworkUITests.swift; sourceTree = "<group>"; };
		E6972CDC28B4622200348216 /* Beginner_PreworkUITestsLaunchTests.swift */ = {isa = PBXFileReference; lastKnownFileType = sourcecode.swift; path = Beginner_PreworkUITestsLaunchTests.swift; sourceTree = "<group>"; };
/* End PBXFileReference section */

/* Begin PBXFrameworksBuildPhase section */
		E6972CB328B4621F00348216 /* Frameworks */ = {
			isa = PBXFrameworksBuildPhase;
			buildActionMask = 2147483647;
			files = (
			);
			runOnlyForDeploymentPostprocessing = 0;
		};
		E6972CC928B4622200348216 /* Frameworks */ = {
			isa = PBXFrameworksBuildPhase;
			buildActionMask = 2147483647;
			files = (
			);
			runOnlyForDeploymentPostprocessing = 0;
		};
		E6972CD328B4622200348216 /* Frameworks */ = {
			isa = PBXFrameworksBuildPhase;
			buildActionMask = 2147483647;
			files = (
			);
			runOnlyForDeploymentPostprocessing = 0;
		};
/* End PBXFrameworksBuildPhase section */

/* Begin PBXGroup section */
		E6972CAD28B4621F00348216 = {
			isa = PBXGroup;
			children = (
				E6972CB828B4621F00348216 /* Beginner_Prework */,
				E6972CCF28B4622200348216 /* Beginner_PreworkTests */,
				E6972CD928B4622200348216 /* Beginner_PreworkUITests */,
				E6972CB728B4621F00348216 /* Products */,
			);
			sourceTree = "<group>";
		};
		E6972CB728B4621F00348216 /* Products */ = {
			isa = PBXGroup;
			children = (
				E6972CB628B4621F00348216 /* Beginner_Prework.app */,
				E6972CCC28B4622200348216 /* Beginner_PreworkTests.xctest */,
				E6972CD628B4622200348216 /* Beginner_PreworkUITests.xctest */,
			);
			name = Products;
			sourceTree = "<group>";
		};
		E6972CB828B4621F00348216 /* Beginner_Prework */ = {
			isa = PBXGroup;
			children = (
				E6972CB928B4621F00348216 /* AppDelegate.swift */,
				E6972CBB28B4621F00348216 /* SceneDelegate.swift */,
				E6972CBD28B4621F00348216 /* ViewController.swift */,
				E6972CBF28B4621F00348216 /* Main.storyboard */,
				E6972CC228B4622200348216 /* Assets.xcassets */,
				E6972CC428B4622200348216 /* LaunchScreen.storyboard */,
				E6972CC728B4622200348216 /* Info.plist */,
			);
			path = Beginner_Prework;
			sourceTree = "<group>";
		};
		E6972CCF28B4622200348216 /* Beginner_PreworkTests */ = {
			isa = PBXGroup;
			children = (
				E6972CD028B4622200348216 /* Beginner_PreworkTests.swift */,
			);
			path = Beginner_PreworkTests;
			sourceTree = "<group>";
		};
		E6972CD928B4622200348216 /* Beginner_PreworkUITests */ = {
			isa = PBXGroup;
			children = (
				E6972CDA28B4622200348216 /* Beginner_PreworkUITests.swift */,
				E6972CDC28B4622200348216 /* Beginner_PreworkUITestsLaunchTests.swift */,
			);
			path = Beginner_PreworkUITests;
			sourceTree = "<group>";
		};
/* End PBXGroup section */

/* Begin PBXNativeTarget section */
		E6972CB528B4621F00348216 /* Beginner_Prework */ = {
			isa = PBXNativeTarget;
			buildConfigurationList = E6972CE028B4622200348216 /* Build configuration list for PBXNativeTarget "Beginner_Prework" */;
			buildPhases = (
				E6972CB228B4621F00348216 /* Sources */,
				E6972CB328B4621F00348216 /* Frameworks */,
				E6972CB428B4621F00348216 /* Resources */,
			);
			buildRules = (
			);
			dependencies = (
			);
			name = Beginner_Prework;
			productName = Beginner_Prework;
			productReference = E6972CB628B4621F00348216 /* Beginner_Prework.app */;
			productType = "com.apple.product-type.application";
		};
		E6972CCB28B4622200348216 /* Beginner_PreworkTests */ = {
			isa = PBXNativeTarget;
			buildConfigurationList = E6972CE328B4622200348216 /* Build configuration list for PBXNativeTarget "Beginner_PreworkTests" */;
			buildPhases = (
				E6972CC828B4622200348216 /* Sources */,
				E6972CC928B4622200348216 /* Frameworks */,
				E6972CCA28B4622200348216 /* Resources */,
			);
			buildRules = (
			);
			dependencies = (
				E6972CCE28B4622200348216 /* PBXTargetDependency */,
			);
			name = Beginner_PreworkTests;
			productName = Beginner_PreworkTests;
			productReference = E6972CCC28B4622200348216 /* Beginner_PreworkTests.xctest */;
			productType = "com.apple.product-type.bundle.unit-test";
		};
		E6972CD528B4622200348216 /* Beginner_PreworkUITests */ = {
			isa = PBXNativeTarget;
			buildConfigurationList = E6972CE628B4622200348216 /* Build configuration list for PBXNativeTarget "Beginner_PreworkUITests" */;
			buildPhases = (
				E6972CD228B4622200348216 /* Sources */,
				E6972CD328B4622200348216 /* Frameworks */,
				E6972CD428B4622200348216 /* Resources */,
			);
			buildRules = (
			);
			dependencies = (
				E6972CD828B4622200348216 /* PBXTargetDependency */,
			);
			name = Beginner_PreworkUITests;
			productName = Beginner_PreworkUITests;
			productReference = E6972CD628B4622200348216 /* Beginner_PreworkUITests.xctest */;
			productType = "com.apple.product-type.bundle.ui-testing";
		};
/* End PBXNativeTarget section */

/* Begin PBXProject section */
		E6972CAE28B4621F00348216 /* Project object */ = {
			isa = PBXProject;
			attributes = {
				BuildIndependentTargetsInParallel = 1;
				LastSwiftUpdateCheck = 1340;
				LastUpgradeCheck = 1340;
				TargetAttributes = {
					E6972CB528B4621F00348216 = {
						CreatedOnToolsVersion = 13.4.1;
					};
					E6972CCB28B4622200348216 = {
						CreatedOnToolsVersion = 13.4.1;
						TestTargetID = E6972CB528B4621F00348216;
					};
					E6972CD528B4622200348216 = {
						CreatedOnToolsVersion = 13.4.1;
						TestTargetID = E6972CB528B4621F00348216;
					};
				};
			};
			buildConfigurationList = E6972CB128B4621F00348216 /* Build configuration list for PBXProject "Beginner_Prework" */;
			compatibilityVersion = "Xcode 13.0";
			developmentRegion = en;
			hasScannedForEncodings = 0;
			knownRegions = (
				en,
				Base,
			);
			mainGroup = E6972CAD28B4621F00348216;
			productRefGroup = E6972CB728B4621F00348216 /* Products */;
			projectDirPath = "";
			projectRoot = "";
			targets = (
				E6972CB528B4621F00348216 /* Beginner_Prework */,
				E6972CCB28B4622200348216 /* Beginner_PreworkTests */,
				E6972CD528B4622200348216 /* Beginner_PreworkUITests */,
			);
		};
/* End PBXProject section */

/* Begin PBXResourcesBuildPhase section */
		E6972CB428B4621F00348216 /* Resources */ = {
			isa = PBXResourcesBuildPhase;
			buildActionMask = 2147483647;
			files = (
				E6972CC628B4622200348216 /* LaunchScreen.storyboard in Resources */,
				E6972CC328B4622200348216 /* Assets.xcassets in Resources */,
				E6972CC128B4621F00348216 /* Main.storyboard in Resources */,
			);
			runOnlyForDeploymentPostprocessing = 0;
		};
		E6972CCA28B4622200348216 /* Resources */ = {
			isa = PBXResourcesBuildPhase;
			buildActionMask = 2147483647;
			files = (
			);
			runOnlyForDeploymentPostprocessing = 0;
		};
		E6972CD428B4622200348216 /* Resources */ = {
			isa = PBXResourcesBuildPhase;
			buildActionMask = 2147483647;
			files = (
			);
			runOnlyForDeploymentPostprocessing = 0;
		};
/* End PBXResourcesBuildPhase section */

/* Begin PBXSourcesBuildPhase section */
		E6972CB228B4621F00348216 /* Sources */ = {
			isa = PBXSourcesBuildPhase;
			buildActionMask = 2147483647;
			files = (
				E6972CBE28B4621F00348216 /* ViewController.swift in Sources */,
				E6972CBA28B4621F00348216 /* AppDelegate.swift in Sources */,
				E6972CBC28B4621F00348216 /* SceneDelegate.swift in Sources */,
			);
			runOnlyForDeploymentPostprocessing = 0;
		};
		E6972CC828B4622200348216 /* Sources */ = {
			isa = PBXSourcesBuildPhase;
			buildActionMask = 2147483647;
			files = (
				E6972CD128B4622200348216 /* Beginner_PreworkTests.swift in Sources */,
			);
			runOnlyForDeploymentPostprocessing = 0;
		};
		E6972CD228B4622200348216 /* Sources */ = {
			isa = PBXSourcesBuildPhase;
			buildActionMask = 2147483647;
			files = (
				E6972CDB28B4622200348216 /* Beginner_PreworkUITests.swift in Sources */,
				E6972CDD28B4622200348216 /* Beginner_PreworkUITestsLaunchTests.swift in Sources */,
			);
			runOnlyForDeploymentPostprocessing = 0;
		};
/* End PBXSourcesBuildPhase section */

/* Begin PBXTargetDependency section */
		E6972CCE28B4622200348216 /* PBXTargetDependency */ = {
			isa = PBXTargetDependency;
			target = E6972CB528B4621F00348216 /* Beginner_Prework */;
			targetProxy = E6972CCD28B4622200348216 /* PBXContainerItemProxy */;
		};
		E6972CD828B4622200348216 /* PBXTargetDependency */ = {
			isa = PBXTargetDependency;
			target = E6972CB528B4621F00348216 /* Beginner_Prework */;
			targetProxy = E6972CD728B4622200348216 /* PBXContainerItemProxy */;
		};
/* End PBXTargetDependency section */

/* Begin PBXVariantGroup section */
		E6972CBF28B4621F00348216 /* Main.storyboard */ = {
			isa = PBXVariantGroup;
			children = (
				E6972CC028B4621F00348216 /* Base */,
			);
			name = Main.storyboard;
			sourceTree = "<group>";
		};
		E6972CC428B4622200348216 /* LaunchScreen.storyboard */ = {
			isa = PBXVariantGroup;
			children = (
				E6972CC528B4622200348216 /* Base */,
			);
			name = LaunchScreen.storyboard;
			sourceTree = "<group>";
		};
/* End PBXVariantGroup section */

/* Begin XCBuildConfiguration section */
		E6972CDE28B4622200348216 /* Debug */ = {
			isa = XCBuildConfiguration;
			buildSettings = {
				ALWAYS_SEARCH_USER_PATHS = NO;
				CLANG_ANALYZER_NONNULL = YES;
				CLANG_ANALYZER_NUMBER_OBJECT_CONVERSION = YES_AGGRESSIVE;
				CLANG_CXX_LANGUAGE_STANDARD = "gnu++17";
				CLANG_ENABLE_MODULES = YES;
				CLANG_ENABLE_OBJC_ARC = YES;
				CLANG_ENABLE_OBJC_WEAK = YES;
				CLANG_WARN_BLOCK_CAPTURE_AUTORELEASING = YES;
				CLANG_WARN_BOOL_CONVERSION = YES;
				CLANG_WARN_COMMA = YES;
				CLANG_WARN_CONSTANT_CONVERSION = YES;
				CLANG_WARN_DEPRECATED_OBJC_IMPLEMENTATIONS = YES;
				CLANG_WARN_DIRECT_OBJC_ISA_USAGE = YES_ERROR;
				CLANG_WARN_DOCUMENTATION_COMMENTS = YES;
				CLANG_WARN_EMPTY_BODY = YES;
				CLANG_WARN_ENUM_CONVERSION = YES;
				CLANG_WARN_INFINITE_RECURSION = YES;
				CLANG_WARN_INT_CONVERSION = YES;
				CLANG_WARN_NON_LITERAL_NULL_CONVERSION = YES;
				CLANG_WARN_OBJC_IMPLICIT_RETAIN_SELF = YES;
				CLANG_WARN_OBJC_LITERAL_CONVERSION = YES;
				CLANG_WARN_OBJC_ROOT_CLASS = YES_ERROR;
				CLANG_WARN_QUOTED_INCLUDE_IN_FRAMEWORK_HEADER = YES;
				CLANG_WARN_RANGE_LOOP_ANALYSIS = YES;
				CLANG_WARN_STRICT_PROTOTYPES = YES;
				CLANG_WARN_SUSPICIOUS_MOVE = YES;
				CLANG_WARN_UNGUARDED_AVAILABILITY = YES_AGGRESSIVE;
				CLANG_WARN_UNREACHABLE_CODE = YES;
				CLANG_WARN__DUPLICATE_METHOD_MATCH = YES;
				COPY_PHASE_STRIP = NO;
				DEBUG_INFORMATION_FORMAT = dwarf;
				ENABLE_STRICT_OBJC_MSGSEND = YES;
				ENABLE_TESTABILITY = YES;
				GCC_C_LANGUAGE_STANDARD = gnu11;
				GCC_DYNAMIC_NO_PIC = NO;
				GCC_NO_COMMON_BLOCKS = YES;
				GCC_OPTIMIZATION_LEVEL = 0;
				GCC_PREPROCESSOR_DEFINITIONS = (
					"DEBUG=1",
					"$(inherited)",
				);
				GCC_WARN_64_TO_32_BIT_CONVERSION = YES;
				GCC_WARN_ABOUT_RETURN_TYPE = YES_ERROR;
				GCC_WARN_UNDECLARED_SELECTOR = YES;
				GCC_WARN_UNINITIALIZED_AUTOS = YES_AGGRESSIVE;
				GCC_WARN_UNUSED_FUNCTION = YES;
				GCC_WARN_UNUSED_VARIABLE = YES;
				IPHONEOS_DEPLOYMENT_TARGET = 15.5;
				MTL_ENABLE_DEBUG_INFO = INCLUDE_SOURCE;
				MTL_FAST_MATH = YES;
				ONLY_ACTIVE_ARCH = YES;
				SDKROOT = iphoneos;
				SWIFT_ACTIVE_COMPILATION_CONDITIONS = DEBUG;
				SWIFT_OPTIMIZATION_LEVEL = "-Onone";
			};
			name = Debug;
		};
		E6972CDF28B4622200348216 /* Release */ = {
			isa = XCBuildConfiguration;
			buildSettings = {
				ALWAYS_SEARCH_USER_PATHS = NO;
				CLANG_ANALYZER_NONNULL = YES;
				CLANG_ANALYZER_NUMBER_OBJECT_CONVERSION = YES_AGGRESSIVE;
				CLANG_CXX_LANGUAGE_STANDARD = "gnu++17";
				CLANG_ENABLE_MODULES = YES;
				CLANG_ENABLE_OBJC_ARC = YES;
				CLANG_ENABLE_OBJC_WEAK = YES;
				CLANG_WARN_BLOCK_CAPTURE_AUTORELEASING = YES;
				CLANG_WARN_BOOL_CONVERSION = YES;
				CLANG_WARN_COMMA = YES;
				CLANG_WARN_CONSTANT_CONVERSION = YES;
				CLANG_WARN_DEPRECATED_OBJC_IMPLEMENTATIONS = YES;
				CLANG_WARN_DIRECT_OBJC_ISA_USAGE = YES_ERROR;
				CLANG_WARN_DOCUMENTATION_COMMENTS = YES;
				CLANG_WARN_EMPTY_BODY = YES;
				CLANG_WARN_ENUM_CONVERSION = YES;
				CLANG_WARN_INFINITE_RECURSION = YES;
				CLANG_WARN_INT_CONVERSION = YES;
				CLANG_WARN_NON_LITERAL_NULL_CONVERSION = YES;
				CLANG_WARN_OBJC_IMPLICIT_RETAIN_SELF = YES;
				CLANG_WARN_OBJC_LITERAL_CONVERSION = YES;
				CLANG_WARN_OBJC_ROOT_CLASS = YES_ERROR;
				CLANG_WARN_QUOTED_INCLUDE_IN_FRAMEWORK_HEADER = YES;
				CLANG_WARN_RANGE_LOOP_ANALYSIS = YES;
				CLANG_WARN_STRICT_PROTOTYPES = YES;
				CLANG_WARN_SUSPICIOUS_MOVE = YES;
				CLANG_WARN_UNGUARDED_AVAILABILITY = YES_AGGRESSIVE;
				CLANG_WARN_UNREACHABLE_CODE = YES;
				CLANG_WARN__DUPLICATE_METHOD_MATCH = YES;
				COPY_PHASE_STRIP = NO;
				DEBUG_INFORMATION_FORMAT = "dwarf-with-dsym";
				ENABLE_NS_ASSERTIONS = NO;
				ENABLE_STRICT_OBJC_MSGSEND = YES;
				GCC_C_LANGUAGE_STANDARD = gnu11;
				GCC_NO_COMMON_BLOCKS = YES;
				GCC_WARN_64_TO_32_BIT_CONVERSION = YES;
				GCC_WARN_ABOUT_RETURN_TYPE = YES_ERROR;
				GCC_WARN_UNDECLARED_SELECTOR = YES;
				GCC_WARN_UNINITIALIZED_AUTOS = YES_AGGRESSIVE;
				GCC_WARN_UNUSED_FUNCTION = YES;
				GCC_WARN_UNUSED_VARIABLE = YES;
				IPHONEOS_DEPLOYMENT_TARGET = 15.5;
				MTL_ENABLE_DEBUG_INFO = NO;
				MTL_FAST_MATH = YES;
				SDKROOT = iphoneos;
				SWIFT_COMPILATION_MODE = wholemodule;
				SWIFT_OPTIMIZATION_LEVEL = "-O";
				VALIDATE_PRODUCT = YES;
			};
			name = Release;
		};
		E6972CE128B4622200348216 /* Debug */ = {
			isa = XCBuildConfiguration;
			buildSettings = {
				ASSETCATALOG_COMPILER_APPICON_NAME = AppIcon;
				ASSETCATALOG_COMPILER_GLOBAL_ACCENT_COLOR_NAME = AccentColor;
				CODE_SIGN_STYLE = Automatic;
				CURRENT_PROJECT_VERSION = 1;
				GENERATE_INFOPLIST_FILE = YES;
				INFOPLIST_FILE = Beginner_Prework/Info.plist;
				INFOPLIST_KEY_UIApplicationSupportsIndirectInputEvents = YES;
				INFOPLIST_KEY_UILaunchStoryboardName = LaunchScreen;
				INFOPLIST_KEY_UIMainStoryboardFile = Main;
				INFOPLIST_KEY_UISupportedInterfaceOrientations_iPad = "UIInterfaceOrientationPortrait UIInterfaceOrientationPortraitUpsideDown UIInterfaceOrientationLandscapeLeft UIInterfaceOrientationLandscapeRight";
				INFOPLIST_KEY_UISupportedInterfaceOrientations_iPhone = "UIInterfaceOrientationPortrait UIInterfaceOrientationLandscapeLeft UIInterfaceOrientationLandscapeRight";
				LD_RUNPATH_SEARCH_PATHS = (
					"$(inherited)",
					"@executable_path/Frameworks",
				);
				MARKETING_VERSION = 1.0;
				PRODUCT_BUNDLE_IDENTIFIER = "shansOrganization.Beginner-Prework";
				PRODUCT_NAME = "$(TARGET_NAME)";
				SWIFT_EMIT_LOC_STRINGS = YES;
				SWIFT_VERSION = 5.0;
				TARGETED_DEVICE_FAMILY = "1,2";
			};
			name = Debug;
		};
		E6972CE228B4622200348216 /* Release */ = {
			isa = XCBuildConfiguration;
			buildSettings = {
				ASSETCATALOG_COMPILER_APPICON_NAME = AppIcon;
				ASSETCATALOG_COMPILER_GLOBAL_ACCENT_COLOR_NAME = AccentColor;
				CODE_SIGN_STYLE = Automatic;
				CURRENT_PROJECT_VERSION = 1;
				GENERATE_INFOPLIST_FILE = YES;
				INFOPLIST_FILE = Beginner_Prework/Info.plist;
				INFOPLIST_KEY_UIApplicationSupportsIndirectInputEvents = YES;
				INFOPLIST_KEY_UILaunchStoryboardName = LaunchScreen;
				INFOPLIST_KEY_UIMainStoryboardFile = Main;
				INFOPLIST_KEY_UISupportedInterfaceOrientations_iPad = "UIInterfaceOrientationPortrait UIInterfaceOrientationPortraitUpsideDown UIInterfaceOrientationLandscapeLeft UIInterfaceOrientationLandscapeRight";
				INFOPLIST_KEY_UISupportedInterfaceOrientations_iPhone = "UIInterfaceOrientationPortrait UIInterfaceOrientationLandscapeLeft UIInterfaceOrientationLandscapeRight";
				LD_RUNPATH_SEARCH_PATHS = (
					"$(inherited)",
					"@executable_path/Frameworks",
				);
				MARKETING_VERSION = 1.0;
				PRODUCT_BUNDLE_IDENTIFIER = "shansOrganization.Beginner-Prework";
				PRODUCT_NAME = "$(TARGET_NAME)";
				SWIFT_EMIT_LOC_STRINGS = YES;
				SWIFT_VERSION = 5.0;
				TARGETED_DEVICE_FAMILY = "1,2";
			};
			name = Release;
		};
		E6972CE428B4622200348216 /* Debug */ = {
			isa = XCBuildConfiguration;
			buildSettings = {
				ALWAYS_EMBED_SWIFT_STANDARD_LIBRARIES = YES;
				BUNDLE_LOADER = "$(TEST_HOST)";
				CODE_SIGN_STYLE = Automatic;
				CURRENT_PROJECT_VERSION = 1;
				GENERATE_INFOPLIST_FILE = YES;
				IPHONEOS_DEPLOYMENT_TARGET = 15.5;
				MARKETING_VERSION = 1.0;
				PRODUCT_BUNDLE_IDENTIFIER = "shansOrganization.Beginner-PreworkTests";
				PRODUCT_NAME = "$(TARGET_NAME)";
				SWIFT_EMIT_LOC_STRINGS = NO;
				SWIFT_VERSION = 5.0;
				TARGETED_DEVICE_FAMILY = "1,2";
				TEST_HOST = "$(BUILT_PRODUCTS_DIR)/Beginner_Prework.app/Beginner_Prework";
			};
			name = Debug;
		};
		E6972CE528B4622200348216 /* Release */ = {
			isa = XCBuildConfiguration;
			buildSettings = {
				ALWAYS_EMBED_SWIFT_STANDARD_LIBRARIES = YES;
				BUNDLE_LOADER = "$(TEST_HOST)";
				CODE_SIGN_STYLE = Automatic;
				CURRENT_PROJECT_VERSION = 1;
				GENERATE_INFOPLIST_FILE = YES;
				IPHONEOS_DEPLOYMENT_TARGET = 15.5;
				MARKETING_VERSION = 1.0;
				PRODUCT_BUNDLE_IDENTIFIER = "shansOrganization.Beginner-PreworkTests";
				PRODUCT_NAME = "$(TARGET_NAME)";
				SWIFT_EMIT_LOC_STRINGS = NO;
				SWIFT_VERSION = 5.0;
				TARGETED_DEVICE_FAMILY = "1,2";
				TEST_HOST = "$(BUILT_PRODUCTS_DIR)/Beginner_Prework.app/Beginner_Prework";
			};
			name = Release;
		};
		E6972CE728B4622200348216 /* Debug */ = {
			isa = XCBuildConfiguration;
			buildSettings = {
				ALWAYS_EMBED_SWIFT_STANDARD_LIBRARIES = YES;
				CODE_SIGN_STYLE = Automatic;
				CURRENT_PROJECT_VERSION = 1;
				GENERATE_INFOPLIST_FILE = YES;
				MARKETING_VERSION = 1.0;
				PRODUCT_BUNDLE_IDENTIFIER = "shansOrganization.Beginner-PreworkUITests";
				PRODUCT_NAME = "$(TARGET_NAME)";
				SWIFT_EMIT_LOC_STRINGS = NO;
				SWIFT_VERSION = 5.0;
				TARGETED_DEVICE_FAMILY = "1,2";
				TEST_TARGET_NAME = Beginner_Prework;
			};
			name = Debug;
		};
		E6972CE828B4622200348216 /* Release */ = {
			isa = XCBuildConfiguration;
			buildSettings = {
				ALWAYS_EMBED_SWIFT_STANDARD_LIBRARIES = YES;
				CODE_SIGN_STYLE = Automatic;
				CURRENT_PROJECT_VERSION = 1;
				GENERATE_INFOPLIST_FILE = YES;
				MARKETING_VERSION = 1.0;
				PRODUCT_BUNDLE_IDENTIFIER = "shansOrganization.Beginner-PreworkUITests";
				PRODUCT_NAME = "$(TARGET_NAME)";
				SWIFT_EMIT_LOC_STRINGS = NO;
				SWIFT_VERSION = 5.0;
				TARGETED_DEVICE_FAMILY = "1,2";
				TEST_TARGET_NAME = Beginner_Prework;
			};
			name = Release;
		};
/* End XCBuildConfiguration section */

/* Begin XCConfigurationList section */
		E6972CB128B4621F00348216 /* Build configuration list for PBXProject "Beginner_Prework" */ = {
			isa = XCConfigurationList;
			buildConfigurations = (
				E6972CDE28B4622200348216 /* Debug */,
				E6972CDF28B4622200348216 /* Release */,
			);
			defaultConfigurationIsVisible = 0;
			defaultConfigurationName = Release;
		};
		E6972CE028B4622200348216 /* Build configuration list for PBXNativeTarget "Beginner_Prework" */ = {
			isa = XCConfigurationList;
			buildConfigurations = (
				E6972CE128B4622200348216 /* Debug */,
				E6972CE228B4622200348216 /* Release */,
			);
			defaultConfigurationIsVisible = 0;
			defaultConfigurationName = Release;
		};
		E6972CE328B4622200348216 /* Build configuration list for PBXNativeTarget "Beginner_PreworkTests" */ = {
			isa = XCConfigurationList;
			buildConfigurations = (
				E6972CE428B4622200348216 /* Debug */,
				E6972CE528B4622200348216 /* Release */,
			);
			defaultConfigurationIsVisible = 0;
			defaultConfigurationName = Release;
		};
		E6972CE628B4622200348216 /* Build configuration list for PBXNativeTarget "Beginner_PreworkUITests" */ = {
			isa = XCConfigurationList;
			buildConfigurations = (
				E6972CE728B4622200348216 /* Debug */,
				E6972CE828B4622200348216 /* Release */,
			);
			defaultConfigurationIsVisible = 0;
			defaultConfigurationName = Release;
		};
/* End XCConfigurationList section */
	};
	rootObject = E6972CAE28B4621F00348216 /* Project object */;
}
